PODS:
  - Flutter (1.0.0)
  - raygun4apple (1.5.1)
  - raygun4flutter (0.1.0):
    - Flutter
    - raygun4apple (~> 1.5)

DEPENDENCIES:
  - Flutter (from `Flutter`)
  - raygun4flutter (from `.symlinks/plugins/raygun4flutter/ios`)

SPEC REPOS:
  trunk:
    - raygun4apple

EXTERNAL SOURCES:
  Flutter:
    :path: Flutter
  raygun4flutter:
    :path: ".symlinks/plugins/raygun4flutter/ios"

SPEC CHECKSUMS:
  Flutter: 434fef37c0980e73bb6479ef766c45957d4b510c
  raygun4apple: 300b0669afaaddee0d86d26976508f0ff3f2181b
  raygun4flutter: 6897b8a688bfd42b92bc3a13ac122efc84940dfc

PODFILE CHECKSUM: fe0e1ee7f3d1f7d00b11b474b62dd62134535aea

COCOAPODS: 1.10.1
